
Microsoft Visual Studio Solution File, Format Version 12.00
# Visual Studio 15
VisualStudioVersion = 15.0.27703.2026
MinimumVisualStudioVersion = 10.0.40219.1
Project("{FAE04EC0-301F-11D3-BF4B-00C04F79EFBC}") = "XamarinAutoSizeFitEditorSample", "XamarinAutoSizeFitEditorSample\XamarinAutoSizeFitEditorSample\XamarinAutoSizeFitEditorSample.csproj", "{275ACFEB-8E85-422D-A832-1C05272310A6}"
EndProject
Project("{FAE04EC0-301F-11D3-BF4B-00C04F79EFBC}") = "XamarinAutoSizeFitEditorSample.Android", "XamarinAutoSizeFitEditorSample\XamarinAutoSizeFitEditorSample.Android\XamarinAutoSizeFitEditorSample.Android.csproj", "{08CC5367-0628-4CAC-BC26-24F014DCBE33}"
EndProject
Project("{FAE04EC0-301F-11D3-BF4B-00C04F79EFBC}") = "XamarinAutoSizeFitEditorSample.iOS", "XamarinAutoSizeFitEditorSample\XamarinAutoSizeFitEditorSample.iOS\XamarinAutoSizeFitEditorSample.iOS.csproj", "{CFA52746-8724-4029-9CE4-2E8BA226D75C}"
EndProject
Global
	GlobalSection(SolutionConfigurationPlatforms) = preSolution
		Ad-Hoc|Any CPU = Ad-Hoc|Any CPU
		Ad-Hoc|iPhone = Ad-Hoc|iPhone
		Ad-Hoc|iPhoneSimulator = Ad-Hoc|iPhoneSimulator
		AppStore|Any CPU = AppStore|Any CPU
		AppStore|iPhone = AppStore|iPhone
		AppStore|iPhoneSimulator = AppStore|iPhoneSimulator
		Debug|Any CPU = Debug|Any CPU
		Debug|iPhone = Debug|iPhone
		Debug|iPhoneSimulator = Debug|iPhoneSimulator
		Release|Any CPU = Release|Any CPU
		Release|iPhone = Release|iPhone
		Release|iPhoneSimulator = Release|iPhoneSimulator
	EndGlobalSection
	GlobalSection(ProjectConfigurationPlatforms) = postSolution
		{275ACFEB-8E85-422D-A832-1C05272310A6}.Ad-Hoc|Any CPU.ActiveCfg = Debug|Any CPU
		{275ACFEB-8E85-422D-A832-1C05272310A6}.Ad-Hoc|Any CPU.Build.0 = Debug|Any CPU
		{275ACFEB-8E85-422D-A832-1C05272310A6}.Ad-Hoc|iPhone.ActiveCfg = Debug|Any CPU
		{275ACFEB-8E85-422D-A832-1C05272310A6}.Ad-Hoc|iPhone.Build.0 = Debug|Any CPU
		{275ACFEB-8E85-422D-A832-1C05272310A6}.Ad-Hoc|iPhoneSimulator.ActiveCfg = Debug|Any CPU
		{275ACFEB-8E85-422D-A832-1C05272310A6}.Ad-Hoc|iPhoneSimulator.Build.0 = Debug|Any CPU
		{275ACFEB-8E85-422D-A832-1C05272310A6}.AppStore|Any CPU.ActiveCfg = Debug|Any CPU
		{275ACFEB-8E85-422D-A832-1C05272310A6}.AppStore|Any CPU.Build.0 = Debug|Any CPU
		{275ACFEB-8E85-422D-A832-1C05272310A6}.AppStore|iPhone.ActiveCfg = Debug|Any CPU
		{275ACFEB-8E85-422D-A832-1C05272310A6}.AppStore|iPhone.Build.0 = Debug|Any CPU
		{275ACFEB-8E85-422D-A832-1C05272310A6}.AppStore|iPhoneSimulator.ActiveCfg = Debug|Any CPU
		{275ACFEB-8E85-422D-A832-1C05272310A6}.AppStore|iPhoneSimulator.Build.0 = Debug|Any CPU
		{275ACFEB-8E85-422D-A832-1C05272310A6}.Debug|Any CPU.ActiveCfg = Debug|Any CPU
		{275ACFEB-8E85-422D-A832-1C05272310A6}.Debug|Any CPU.Build.0 = Debug|Any CPU
		{275ACFEB-8E85-422D-A832-1C05272310A6}.Debug|iPhone.ActiveCfg = Debug|Any CPU
		{275ACFEB-8E85-422D-A832-1C05272310A6}.Debug|iPhone.Build.0 = Debug|Any CPU
		{275ACFEB-8E85-422D-A832-1C05272310A6}.Debug|iPhoneSimulator.ActiveCfg = Debug|Any CPU
		{275ACFEB-8E85-422D-A832-1C05272310A6}.Debug|iPhoneSimulator.Build.0 = Debug|Any CPU
		{275ACFEB-8E85-422D-A832-1C05272310A6}.Release|Any CPU.ActiveCfg = Release|Any CPU
		{275ACFEB-8E85-422D-A832-1C05272310A6}.Release|Any CPU.Build.0 = Release|Any CPU
		{275ACFEB-8E85-422D-A832-1C05272310A6}.Release|iPhone.ActiveCfg = Release|Any CPU
		{275ACFEB-8E85-422D-A832-1C05272310A6}.Release|iPhone.Build.0 = Release|Any CPU
		{275ACFEB-8E85-422D-A832-1C05272310A6}.Release|iPhoneSimulator.ActiveCfg = Release|Any CPU
		{275ACFEB-8E85-422D-A832-1C05272310A6}.Release|iPhoneSimulator.Build.0 = Release|Any CPU
		{08CC5367-0628-4CAC-BC26-24F014DCBE33}.Ad-Hoc|Any CPU.ActiveCfg = Release|Any CPU
		{08CC5367-0628-4CAC-BC26-24F014DCBE33}.Ad-Hoc|Any CPU.Build.0 = Release|Any CPU
		{08CC5367-0628-4CAC-BC26-24F014DCBE33}.Ad-Hoc|Any CPU.Deploy.0 = Release|Any CPU
		{08CC5367-0628-4CAC-BC26-24F014DCBE33}.Ad-Hoc|iPhone.ActiveCfg = Release|Any CPU
		{08CC5367-0628-4CAC-BC26-24F014DCBE33}.Ad-Hoc|iPhone.Build.0 = Release|Any CPU
		{08CC5367-0628-4CAC-BC26-24F014DCBE33}.Ad-Hoc|iPhone.Deploy.0 = Release|Any CPU
		{08CC5367-0628-4CAC-BC26-24F014DCBE33}.Ad-Hoc|iPhoneSimulator.ActiveCfg = Release|Any CPU
		{08CC5367-0628-4CAC-BC26-24F014DCBE33}.Ad-Hoc|iPhoneSimulator.Build.0 = Release|Any CPU
		{08CC5367-0628-4CAC-BC26-24F014DCBE33}.Ad-Hoc|iPhoneSimulator.Deploy.0 = Release|Any CPU
		{08CC5367-0628-4CAC-BC26-24F014DCBE33}.AppStore|Any CPU.ActiveCfg = Release|Any CPU
		{08CC5367-0628-4CAC-BC26-24F014DCBE33}.AppStore|Any CPU.Build.0 = Release|Any CPU
		{08CC5367-0628-4CAC-BC26-24F014DCBE33}.AppStore|Any CPU.Deploy.0 = Release|Any CPU
		{08CC5367-0628-4CAC-BC26-24F014DCBE33}.AppStore|iPhone.ActiveCfg = Release|Any CPU
		{08CC5367-0628-4CAC-BC26-24F014DCBE33}.AppStore|iPhone.Build.0 = Release|Any CPU
		{08CC5367-0628-4CAC-BC26-24F014DCBE33}.AppStore|iPhone.Deploy.0 = Release|Any CPU
		{08CC5367-0628-4CAC-BC26-24F014DCBE33}.AppStore|iPhoneSimulator.ActiveCfg = Release|Any CPU
		{08CC5367-0628-4CAC-BC26-24F014DCBE33}.AppStore|iPhoneSimulator.Build.0 = Release|Any CPU
		{08CC5367-0628-4CAC-BC26-24F014DCBE33}.AppStore|iPhoneSimulator.Deploy.0 = Release|Any CPU
		{08CC5367-0628-4CAC-BC26-24F014DCBE33}.Debug|Any CPU.ActiveCfg = Debug|Any CPU
		{08CC5367-0628-4CAC-BC26-24F014DCBE33}.Debug|Any CPU.Build.0 = Debug|Any CPU
		{08CC5367-0628-4CAC-BC26-24F014DCBE33}.Debug|Any CPU.Deploy.0 = Debug|Any CPU
		{08CC5367-0628-4CAC-BC26-24F014DCBE33}.Debug|iPhone.ActiveCfg = Debug|Any CPU
		{08CC5367-0628-4CAC-BC26-24F014DCBE33}.Debug|iPhone.Build.0 = Debug|Any CPU
		{08CC5367-0628-4CAC-BC26-24F014DCBE33}.Debug|iPhone.Deploy.0 = Debug|Any CPU
		{08CC5367-0628-4CAC-BC26-24F014DCBE33}.Debug|iPhoneSimulator.ActiveCfg = Debug|Any CPU
		{08CC5367-0628-4CAC-BC26-24F014DCBE33}.Debug|iPhoneSimulator.Build.0 = Debug|Any CPU
		{08CC5367-0628-4CAC-BC26-24F014DCBE33}.Debug|iPhoneSimulator.Deploy.0 = Debug|Any CPU
		{08CC5367-0628-4CAC-BC26-24F014DCBE33}.Release|Any CPU.ActiveCfg = Release|Any CPU
		{08CC5367-0628-4CAC-BC26-24F014DCBE33}.Release|Any CPU.Build.0 = Release|Any CPU
		{08CC5367-0628-4CAC-BC26-24F014DCBE33}.Release|Any CPU.Deploy.0 = Release|Any CPU
		{08CC5367-0628-4CAC-BC26-24F014DCBE33}.Release|iPhone.ActiveCfg = Release|Any CPU
		{08CC5367-0628-4CAC-BC26-24F014DCBE33}.Release|iPhone.Build.0 = Release|Any CPU
		{08CC5367-0628-4CAC-BC26-24F014DCBE33}.Release|iPhone.Deploy.0 = Release|Any CPU
		{08CC5367-0628-4CAC-BC26-24F014DCBE33}.Release|iPhoneSimulator.ActiveCfg = Release|Any CPU
		{08CC5367-0628-4CAC-BC26-24F014DCBE33}.Release|iPhoneSimulator.Build.0 = Release|Any CPU
		{08CC5367-0628-4CAC-BC26-24F014DCBE33}.Release|iPhoneSimulator.Deploy.0 = Release|Any CPU
		{CFA52746-8724-4029-9CE4-2E8BA226D75C}.Ad-Hoc|Any CPU.ActiveCfg = Ad-Hoc|iPhone
		{CFA52746-8724-4029-9CE4-2E8BA226D75C}.Ad-Hoc|iPhone.ActiveCfg = Ad-Hoc|iPhone
		{CFA52746-8724-4029-9CE4-2E8BA226D75C}.Ad-Hoc|iPhone.Build.0 = Ad-Hoc|iPhone
		{CFA52746-8724-4029-9CE4-2E8BA226D75C}.Ad-Hoc|iPhoneSimulator.ActiveCfg = Ad-Hoc|iPhoneSimulator
		{CFA52746-8724-4029-9CE4-2E8BA226D75C}.Ad-Hoc|iPhoneSimulator.Build.0 = Ad-Hoc|iPhoneSimulator
		{CFA52746-8724-4029-9CE4-2E8BA226D75C}.AppStore|Any CPU.ActiveCfg = AppStore|iPhone
		{CFA52746-8724-4029-9CE4-2E8BA226D75C}.AppStore|iPhone.ActiveCfg = AppStore|iPhone
		{CFA52746-8724-4029-9CE4-2E8BA226D75C}.AppStore|iPhone.Build.0 = AppStore|iPhone
		{CFA52746-8724-4029-9CE4-2E8BA226D75C}.AppStore|iPhoneSimulator.ActiveCfg = AppStore|iPhoneSimulator
		{CFA52746-8724-4029-9CE4-2E8BA226D75C}.AppStore|iPhoneSimulator.Build.0 = AppStore|iPhoneSimulator
		{CFA52746-8724-4029-9CE4-2E8BA226D75C}.Debug|Any CPU.ActiveCfg = Debug|iPhone
		{CFA52746-8724-4029-9CE4-2E8BA226D75C}.Debug|iPhone.ActiveCfg = Debug|iPhone
		{CFA52746-8724-4029-9CE4-2E8BA226D75C}.Debug|iPhone.Build.0 = Debug|iPhone
		{CFA52746-8724-4029-9CE4-2E8BA226D75C}.Debug|iPhoneSimulator.ActiveCfg = Debug|iPhoneSimulator
		{CFA52746-8724-4029-9CE4-2E8BA226D75C}.Debug|iPhoneSimulator.Build.0 = Debug|iPhoneSimulator
		{CFA52746-8724-4029-9CE4-2E8BA226D75C}.Release|Any CPU.ActiveCfg = Release|iPhone
		{CFA52746-8724-4029-9CE4-2E8BA226D75C}.Release|iPhone.ActiveCfg = Release|iPhone
		{CFA52746-8724-4029-9CE4-2E8BA226D75C}.Release|iPhone.Build.0 = Release|iPhone
		{CFA52746-8724-4029-9CE4-2E8BA226D75C}.Release|iPhoneSimulator.ActiveCfg = Release|iPhoneSimulator
		{CFA52746-8724-4029-9CE4-2E8BA226D75C}.Release|iPhoneSimulator.Build.0 = Release|iPhoneSimulator
	EndGlobalSection
	GlobalSection(SolutionProperties) = preSolution
		HideSolutionNode = FALSE
	EndGlobalSection
	GlobalSection(ExtensibilityGlobals) = postSolution
		SolutionGuid = {51977D54-A8EC-4578-9768-4ABA87F18B53}
	EndGlobalSection
EndGlobal
